
Microsoft Visual Studio Solution File, Format Version 12.00
# Visual Studio Version 16
VisualStudioVersion = 16.0.29709.97
MinimumVisualStudioVersion = 10.0.40219.1
Project("{9A19103F-16F7-4668-BE54-9A1E7A4F7556}") = "Microsoft.SCIM", "Microsoft.SystemForCrossDomainIdentityManagement\Microsoft.SCIM.csproj", "{C9ED6410-1995-4B98-AD57-C02D5F16631C}"
EndProject
Project("{9A19103F-16F7-4668-BE54-9A1E7A4F7556}") = "Microsoft.SCIM.Sample", "Microsoft.SCIM.Sample\Microsoft.SCIM.Sample.csproj", "{06220587-471C-4AB0-BBB6-F1D9E35DBDDF}"
EndProject
Global
	GlobalSection(SolutionConfigurationPlatforms) = preSolution
		Debug|Any CPU = Debug|Any CPU
		Release|Any CPU = Release|Any CPU
	EndGlobalSection
	GlobalSection(ProjectConfigurationPlatforms) = postSolution
		{C9ED6410-1995-4B98-AD57-C02D5F16631C}.Debug|Any CPU.ActiveCfg = Debug|Any CPU
		{C9ED6410-1995-4B98-AD57-C02D5F16631C}.Debug|Any CPU.Build.0 = Debug|Any CPU
		{C9ED6410-1995-4B98-AD57-C02D5F16631C}.Release|Any CPU.ActiveCfg = Release|Any CPU
		{C9ED6410-1995-4B98-AD57-C02D5F16631C}.Release|Any CPU.Build.0 = Release|Any CPU
		{06220587-471C-4AB0-BBB6-F1D9E35DBDDF}.Debug|Any CPU.ActiveCfg = Debug|Any CPU
		{06220587-471C-4AB0-BBB6-F1D9E35DBDDF}.Debug|Any CPU.Build.0 = Debug|Any CPU
		{06220587-471C-4AB0-BBB6-F1D9E35DBDDF}.Release|Any CPU.ActiveCfg = Release|Any CPU
		{06220587-471C-4AB0-BBB6-F1D9E35DBDDF}.Release|Any CPU.Build.0 = Release|Any CPU
	EndGlobalSection
	GlobalSection(SolutionProperties) = preSolution
		HideSolutionNode = FALSE
	EndGlobalSection
	GlobalSection(ExtensibilityGlobals) = postSolution
		SolutionGuid = {BA30FD0D-DDC6-474D-ACE3-FD6AC5924BC5}
	EndGlobalSection
EndGlobal
